github.com/bits-and-blooms/bitset v1.2.2 h1:J5gbX05GpMdBjCvQ9MteIg2KKDExr7DrgK+Yc15FvIk=
github.com/bits-and-blooms/bitset v1.2.2/go.mod h1:gIdJ4wp64HaoK2YrL1Q5/N7Y16edYb8uY+O0FJTyyDA=
github.com/lixianmin/got v0.0.0-20211126061831-8c09e0fe7283 h1:bN175+l1o4Xa9M2SBROgGLqmYcRgrQb4hSi/4DtdcHw=
github.com/lixianmin/got v0.0.0-20211126061831-8c09e0fe7283/go.mod h1:7FMZi737xCr8NIIcSJKiUUXieEtRCXIMpP3Mq0UK6iY=
github.com/spaolacci/murmur3 v1.1.0 h1:7c1g84S4BPRrfL5Xrdp6fOJ206sU9y293DDHaoy0bLI=
github.com/spaolacci/murmur3 v1.1.0/go.mod h1:JwIasOWyU6f++ZhiEuf87xNszmSA2myDM2Kzu9HwQUA=
